# This file is automatically @generated by Cargo.
# It is not intended for manual editing.
version = 4

[[package]]
name = "aerova-css"
version = "0.1.0"

[[package]]
name = "aerova-dom"
version = "0.1.0"

[[package]]
name = "aerova-engine"
version = "0.1.0"
dependencies = [
 "aerova-css",
 "aerova-dom",
 "aerova-html",
 "aerova-layout",
 "aerova-net",
 "aerova-paint",
]

[[package]]
name = "aerova-html"
version = "0.1.0"
dependencies = [
 "aerova-dom",
]

[[package]]
name = "aerova-js"
version = "0.1.0"

[[package]]
name = "aerova-layout"
version = "0.1.0"
dependencies = [
 "aerova-dom",
]

[[package]]
name = "aerova-lumora"
version = "0.1.0"

[[package]]
name = "aerova-net"
version = "0.1.0"

[[package]]
name = "aerova-paint"
version = "0.1.0"

[[package]]
name = "aerova-search"
version = "0.1.0"

[[package]]
name = "aerova-shell"
version = "0.1.0"
dependencies = [
 "aerova-engine",
 "aerova-js",
 "aerova-search",
]

[[package]]
name = "xtask"
version = "0.1.0"
